{
  "name": "@orqanix/omp-mcp-server",
  "version": "0.1.0",
  "lockfileVersion": 3,
  "requires": true,
  "packages": {
    "": {
      "name": "@orqanix/omp-mcp-server",
      "version": "0.1.0",
      "bin": {
        "orqanix-omp-mcp": "src/mcp.mjs"
      },
      "engines": {
        "node": ">=22"
      }
    }
  }
}
